{
    "name": "mytheme",
    "lockfileVersion": 2,
    "requires": true,
    "packages": {
        "": {
            "dependencies": {
                "@themerdev/iterm": "*",
                "@themerdev/vim": "*",
                "themer": "^4.0.0"
            }
        },
        "node_modules/@themerdev/iterm": {
            "version": "2.1.1",
            "resolved": "https://registry.npmjs.org/@themerdev/iterm/-/iterm-2.1.1.tgz",
            "integrity": "sha512-S+gIZ5O6Ho69636nhT4zp8vax03vH/LKSeClriYTG9XOmNhZvg9MyW826P0nasVqkSlnClypPISw7JzddErx7Q==",
            "dependencies": {
                "color": "^3.0.0"
            },
            "engines": {
                "node": ">=8.11.4"
            },
            "peerDependencies": {
                "themer": "^1.0.2||^2||^3"
            }
        },
        "node_modules/@themerdev/vim": {
            "version": "3.3.1",
            "resolved": "https://registry.npmjs.org/@themerdev/vim/-/vim-3.3.1.tgz",
            "integrity": "sha512-acmPPy835Pk6i2K0v66pl3HnBvNFNiTjh2AdA1iaECYGmIUoG0Ey1ht9Ae6sEaCd5qSFq76D+/lo0eH/Otzidg==",
            "dependencies": {
                "color-convert": "^2.0.1"
            },
            "engines": {
                "node": ">=8.11.4"
            },
            "peerDependencies": {
                "themer": "^1.0.2||^2||^3"
            }
        },
        "node_modules/argparse": {
            "version": "2.0.1",
            "resolved": "https://registry.npmjs.org/argparse/-/argparse-2.0.1.tgz",
            "integrity": "sha512-8+9WqebbFzpX9OR+Wa6O29asIogeRMzcGtAINdpMHHyAg10f05aSFVBbcEqGf/PXw1EjAZ+q2/bEBg3DvurK3Q=="
        },
        "node_modules/color": {
            "version": "3.2.1",
            "resolved": "https://registry.npmjs.org/color/-/color-3.2.1.tgz",
            "integrity": "sha512-aBl7dZI9ENN6fUGC7mWpMTPNHmWUSNan9tuWN6ahh5ZLNk9baLJOnSMlrQkHcrfFgz2/RigjUVAjdx36VcemKA==",
            "dependencies": {
                "color-convert": "^1.9.3",
                "color-string": "^1.6.0"
            }
        },
        "node_modules/color-convert": {
            "version": "2.0.1",
            "resolved": "https://registry.npmjs.org/color-convert/-/color-convert-2.0.1.tgz",
            "integrity": "sha512-RRECPsj7iu/xb5oKYcsFHSppFNnsj/52OVTRKb4zP5onXwVF3zVmmToNcOfGC+CRDpfK/U584fMg38ZHCaElKQ==",
            "dependencies": {
                "color-name": "~1.1.4"
            },
            "engines": {
                "node": ">=7.0.0"
            }
        },
        "node_modules/color-name": {
            "version": "1.1.4",
            "resolved": "https://registry.npmjs.org/color-name/-/color-name-1.1.4.tgz",
            "integrity": "sha512-dOy+3AuW3a2wNbZHIuMZpTcgjGuLU/uBL/ubcZF9OXbDo8ff4O8yVp5Bf0efS8uEoYo5q4Fx7dY9OgQGXgAsQA=="
        },
        "node_modules/color-steps": {
            "version": "1.0.2",
            "resolved": "https://registry.npmjs.org/color-steps/-/color-steps-1.0.2.tgz",
            "integrity": "sha512-Pj8QfvoFakPb6kPcovfbJzoxPObzYUj7XhNCO2xiC7z8TdjOoMNwMOyIa2nLFP6JKssnAHAfI8EaqhaJg3uWVg==",
            "dependencies": {
                "onecolor": "^3.0.5"
            },
            "bin": {
                "color-steps": "cli.js"
            },
            "engines": {
                "node": ">=6.12.2"
            }
        },
        "node_modules/color-string": {
            "version": "1.9.1",
            "resolved": "https://registry.npmjs.org/color-string/-/color-string-1.9.1.tgz",
            "integrity": "sha512-shrVawQFojnZv6xM40anx4CkoDP+fZsw/ZerEMsW/pyzsRbElpsL/DBVW7q3ExxwusdNXI3lXpuhEZkzs8p5Eg==",
            "dependencies": {
                "color-name": "^1.0.0",
                "simple-swizzle": "^0.2.2"
            }
        },
        "node_modules/color/node_modules/color-convert": {
            "version": "1.9.3",
            "resolved": "https://registry.npmjs.org/color-convert/-/color-convert-1.9.3.tgz",
            "integrity": "sha512-QfAUtd+vFdAtFQcC8CCyYt1fYWxSqAiK2cSD6zDB8N3cpsEBAvRxp9zOGg6G/SHHJYAT88/az/IuDGALsNVbGg==",
            "dependencies": {
                "color-name": "1.1.3"
            }
        },
        "node_modules/color/node_modules/color-name": {
            "version": "1.1.3",
            "resolved": "https://registry.npmjs.org/color-name/-/color-name-1.1.3.tgz",
            "integrity": "sha512-72fSenhMw2HZMTVHeCA9KCmpEIbzWiQsjN+BHcBbS9vr1mtt+vJjPdksIBNUmKAW8TFUDPJK5SUU3QhE9NEXDw=="
        },
        "node_modules/is-arrayish": {
            "version": "0.3.2",
            "resolved": "https://registry.npmjs.org/is-arrayish/-/is-arrayish-0.3.2.tgz",
            "integrity": "sha512-eVRqCvVlZbuw3GrM63ovNSNAeA1K16kaR/LRY/92w0zxQ5/1YzwblUX652i4Xs9RwAGjW9d9y6X88t8OaAJfWQ=="
        },
        "node_modules/js-yaml": {
            "version": "4.1.0",
            "resolved": "https://registry.npmjs.org/js-yaml/-/js-yaml-4.1.0.tgz",
            "integrity": "sha512-wpxZs9NoxZaJESJGIZTyDEaYpl0FKSA+FB9aJiyemKhMwkxQg63h4T1KJgUGHpTqPDNRcmmYLugrRjJlBtWvRA==",
            "dependencies": {
                "argparse": "^2.0.1"
            },
            "bin": {
                "js-yaml": "bin/js-yaml.js"
            }
        },
        "node_modules/minimist": {
            "version": "1.2.8",
            "resolved": "https://registry.npmjs.org/minimist/-/minimist-1.2.8.tgz",
            "integrity": "sha512-2yyAR8qBkN3YuheJanUpWC5U3bb5osDywNB8RzDVlDwDHbocAJveqqj1u8+SVD7jkWT4yvsHCpWqqWqAxb0zCA==",
            "funding": {
                "url": "https://github.com/sponsors/ljharb"
            }
        },
        "node_modules/onecolor": {
            "version": "3.1.0",
            "resolved": "https://registry.npmjs.org/onecolor/-/onecolor-3.1.0.tgz",
            "integrity": "sha512-YZSypViXzu3ul5LMu/m6XjJ9ol8qAy9S2VjHl5E6UlhUH1KGKWabyEJifn0Jjpw23bYDzC2ucKMPGiH5kfwSGQ==",
            "engines": {
                "node": ">=0.4.8"
            }
        },
        "node_modules/simple-swizzle": {
            "version": "0.2.2",
            "resolved": "https://registry.npmjs.org/simple-swizzle/-/simple-swizzle-0.2.2.tgz",
            "integrity": "sha512-JA//kQgZtbuY83m+xT+tXJkmJncGMTFT+C+g2h2R9uxkYIrE2yy9sgmcLhCnw57/WSD+Eh3J97FPEDFnbXnDUg==",
            "dependencies": {
                "is-arrayish": "^0.3.1"
            }
        },
        "node_modules/themer": {
            "version": "4.0.0",
            "resolved": "https://registry.npmjs.org/themer/-/themer-4.0.0.tgz",
            "integrity": "sha512-EQxlzauwKfxkbQgNH2IXGsoXqhDERtXwjL0iq9OtcpZKuAkVEkNIdMzlUIm6uqLPTEO9F7BVqJKU6O5GqrGo4g==",
            "dependencies": {
                "color": "^4.2.3",
                "color-steps": "^1.0.1",
                "js-yaml": "^4.1.0",
                "minimist": "^1.2.5"
            },
            "bin": {
                "themer": "bin/themer.mjs"
            },
            "engines": {
                "node": ">=18"
            },
            "funding": {
                "type": "github",
                "url": "https://github.com/sponsors/themerdev"
            }
        },
        "node_modules/themer/node_modules/color": {
            "version": "4.2.3",
            "resolved": "https://registry.npmjs.org/color/-/color-4.2.3.tgz",
            "integrity": "sha512-1rXeuUUiGGrykh+CeBdu5Ie7OJwinCgQY0bc7GCRxy5xVHy+moaqkpL/jqQq0MtQOeYcrqEz4abc5f0KtU7W4A==",
            "dependencies": {
                "color-convert": "^2.0.1",
                "color-string": "^1.9.0"
            },
            "engines": {
                "node": ">=12.5.0"
            }
        }
    },
    "dependencies": {
        "@themerdev/iterm": {
            "version": "2.1.1",
            "resolved": "https://registry.npmjs.org/@themerdev/iterm/-/iterm-2.1.1.tgz",
            "integrity": "sha512-S+gIZ5O6Ho69636nhT4zp8vax03vH/LKSeClriYTG9XOmNhZvg9MyW826P0nasVqkSlnClypPISw7JzddErx7Q==",
            "requires": {
                "color": "^3.0.0"
            }
        },
        "@themerdev/vim": {
            "version": "3.3.1",
            "resolved": "https://registry.npmjs.org/@themerdev/vim/-/vim-3.3.1.tgz",
            "integrity": "sha512-acmPPy835Pk6i2K0v66pl3HnBvNFNiTjh2AdA1iaECYGmIUoG0Ey1ht9Ae6sEaCd5qSFq76D+/lo0eH/Otzidg==",
            "requires": {
                "color-convert": "^2.0.1"
            }
        },
        "argparse": {
            "version": "2.0.1",
            "resolved": "https://registry.npmjs.org/argparse/-/argparse-2.0.1.tgz",
            "integrity": "sha512-8+9WqebbFzpX9OR+Wa6O29asIogeRMzcGtAINdpMHHyAg10f05aSFVBbcEqGf/PXw1EjAZ+q2/bEBg3DvurK3Q=="
        },
        "color": {
            "version": "3.2.1",
            "resolved": "https://registry.npmjs.org/color/-/color-3.2.1.tgz",
            "integrity": "sha512-aBl7dZI9ENN6fUGC7mWpMTPNHmWUSNan9tuWN6ahh5ZLNk9baLJOnSMlrQkHcrfFgz2/RigjUVAjdx36VcemKA==",
            "requires": {
                "color-convert": "^1.9.3",
                "color-string": "^1.6.0"
            },
            "dependencies": {
                "color-convert": {
                    "version": "1.9.3",
                    "resolved": "https://registry.npmjs.org/color-convert/-/color-convert-1.9.3.tgz",
                    "integrity": "sha512-QfAUtd+vFdAtFQcC8CCyYt1fYWxSqAiK2cSD6zDB8N3cpsEBAvRxp9zOGg6G/SHHJYAT88/az/IuDGALsNVbGg==",
                    "requires": {
                        "color-name": "1.1.3"
                    }
                },
                "color-name": {
                    "version": "1.1.3",
                    "resolved": "https://registry.npmjs.org/color-name/-/color-name-1.1.3.tgz",
                    "integrity": "sha512-72fSenhMw2HZMTVHeCA9KCmpEIbzWiQsjN+BHcBbS9vr1mtt+vJjPdksIBNUmKAW8TFUDPJK5SUU3QhE9NEXDw=="
                }
            }
        },
        "color-convert": {
            "version": "2.0.1",
            "resolved": "https://registry.npmjs.org/color-convert/-/color-convert-2.0.1.tgz",
            "integrity": "sha512-RRECPsj7iu/xb5oKYcsFHSppFNnsj/52OVTRKb4zP5onXwVF3zVmmToNcOfGC+CRDpfK/U584fMg38ZHCaElKQ==",
            "requires": {
                "color-name": "~1.1.4"
            }
        },
        "color-name": {
            "version": "1.1.4",
            "resolved": "https://registry.npmjs.org/color-name/-/color-name-1.1.4.tgz",
            "integrity": "sha512-dOy+3AuW3a2wNbZHIuMZpTcgjGuLU/uBL/ubcZF9OXbDo8ff4O8yVp5Bf0efS8uEoYo5q4Fx7dY9OgQGXgAsQA=="
        },
        "color-steps": {
            "version": "1.0.2",
            "resolved": "https://registry.npmjs.org/color-steps/-/color-steps-1.0.2.tgz",
            "integrity": "sha512-Pj8QfvoFakPb6kPcovfbJzoxPObzYUj7XhNCO2xiC7z8TdjOoMNwMOyIa2nLFP6JKssnAHAfI8EaqhaJg3uWVg==",
            "requires": {
                "onecolor": "^3.0.5"
            }
        },
        "color-string": {
            "version": "1.9.1",
            "resolved": "https://registry.npmjs.org/color-string/-/color-string-1.9.1.tgz",
            "integrity": "sha512-shrVawQFojnZv6xM40anx4CkoDP+fZsw/ZerEMsW/pyzsRbElpsL/DBVW7q3ExxwusdNXI3lXpuhEZkzs8p5Eg==",
            "requires": {
                "color-name": "^1.0.0",
                "simple-swizzle": "^0.2.2"
            }
        },
        "is-arrayish": {
            "version": "0.3.2",
            "resolved": "https://registry.npmjs.org/is-arrayish/-/is-arrayish-0.3.2.tgz",
            "integrity": "sha512-eVRqCvVlZbuw3GrM63ovNSNAeA1K16kaR/LRY/92w0zxQ5/1YzwblUX652i4Xs9RwAGjW9d9y6X88t8OaAJfWQ=="
        },
        "js-yaml": {
            "version": "4.1.0",
            "resolved": "https://registry.npmjs.org/js-yaml/-/js-yaml-4.1.0.tgz",
            "integrity": "sha512-wpxZs9NoxZaJESJGIZTyDEaYpl0FKSA+FB9aJiyemKhMwkxQg63h4T1KJgUGHpTqPDNRcmmYLugrRjJlBtWvRA==",
            "requires": {
                "argparse": "^2.0.1"
            }
        },
        "minimist": {
            "version": "1.2.8",
            "resolved": "https://registry.npmjs.org/minimist/-/minimist-1.2.8.tgz",
            "integrity": "sha512-2yyAR8qBkN3YuheJanUpWC5U3bb5osDywNB8RzDVlDwDHbocAJveqqj1u8+SVD7jkWT4yvsHCpWqqWqAxb0zCA=="
        },
        "onecolor": {
            "version": "3.1.0",
            "resolved": "https://registry.npmjs.org/onecolor/-/onecolor-3.1.0.tgz",
            "integrity": "sha512-YZSypViXzu3ul5LMu/m6XjJ9ol8qAy9S2VjHl5E6UlhUH1KGKWabyEJifn0Jjpw23bYDzC2ucKMPGiH5kfwSGQ=="
        },
        "simple-swizzle": {
            "version": "0.2.2",
            "resolved": "https://registry.npmjs.org/simple-swizzle/-/simple-swizzle-0.2.2.tgz",
            "integrity": "sha512-JA//kQgZtbuY83m+xT+tXJkmJncGMTFT+C+g2h2R9uxkYIrE2yy9sgmcLhCnw57/WSD+Eh3J97FPEDFnbXnDUg==",
            "requires": {
                "is-arrayish": "^0.3.1"
            }
        },
        "themer": {
            "version": "4.0.0",
            "resolved": "https://registry.npmjs.org/themer/-/themer-4.0.0.tgz",
            "integrity": "sha512-EQxlzauwKfxkbQgNH2IXGsoXqhDERtXwjL0iq9OtcpZKuAkVEkNIdMzlUIm6uqLPTEO9F7BVqJKU6O5GqrGo4g==",
            "requires": {
                "color": "^4.2.3",
                "color-steps": "^1.0.1",
                "js-yaml": "^4.1.0",
                "minimist": "^1.2.5"
            },
            "dependencies": {
                "color": {
                    "version": "4.2.3",
                    "resolved": "https://registry.npmjs.org/color/-/color-4.2.3.tgz",
                    "integrity": "sha512-1rXeuUUiGGrykh+CeBdu5Ie7OJwinCgQY0bc7GCRxy5xVHy+moaqkpL/jqQq0MtQOeYcrqEz4abc5f0KtU7W4A==",
                    "requires": {
                        "color-convert": "^2.0.1",
                        "color-string": "^1.9.0"
                    }
                }
            }
        }
    }
}
